// !$*UTF8*$!
{
	archiveVersion = 1;
	classes = {
	};
	objectVersion = 46;
	objects = {

/* Begin PBXBuildFile section */
		8E0EE68C19469D150098E533 /* TMViewController.m in Sources */ = {isa = PBXBuildFile; fileRef = 8E0EE68A19469D150098E533 /* TMViewController.m */; };
		8E0EE68D19469D150098E533 /* TMViewController.xib in Resources */ = {isa = PBXBuildFile; fileRef = 8E0EE68B19469D150098E533 /* TMViewController.xib */; };
		8E0EE6C11946AE1E0098E533 /* RDVTabBarItem.m in Sources */ = {isa = PBXBuildFile; fileRef = 8E0EE6BC1946AE1E0098E533 /* RDVTabBarItem.m */; };
		8E0EE6C21946AE1E0098E533 /* RDVTabBar.m in Sources */ = {isa = PBXBuildFile; fileRef = 8E0EE6BE1946AE1E0098E533 /* RDVTabBar.m */; };
		8E0EE6C31946AE1E0098E533 /* RDVTabBarController.m in Sources */ = {isa = PBXBuildFile; fileRef = 8E0EE6C01946AE1E0098E533 /* RDVTabBarController.m */; };
		8E0EE6C81946AE2C0098E533 /* iPad.png in Resources */ = {isa = PBXBuildFile; fileRef = 8E0EE6C41946AE2C0098E533 /* iPad.png */; };
		8E0EE6C91946AE2C0098E533 /* iPad-small.png in Resources */ = {isa = PBXBuildFile; fileRef = 8E0EE6C51946AE2C0098E533 /* iPad-small.png */; };
		8E0EE6CA1946AE2C0098E533 /* iPhone.png in Resources */ = {isa = PBXBuildFile; fileRef = 8E0EE6C61946AE2C0098E533 /* iPhone.png */; };
		8E0EE6CB1946AE2C0098E533 /* iPhone-small.png in Resources */ = {isa = PBXBuildFile; fileRef = 8E0EE6C71946AE2C0098E533 /* iPhone-small.png */; };
		8E0EE6E11946B36A0098E533 /* first_normal.png in Resources */ = {isa = PBXBuildFile; fileRef = 8E0EE6CD1946B36A0098E533 /* first_normal.png */; };
		8E0EE6E21946B36A0098E533 /* first_normal@2x.png in Resources */ = {isa = PBXBuildFile; fileRef = 8E0EE6CE1946B36A0098E533 /* first_normal@2x.png */; };
		8E0EE6E31946B36A0098E533 /* first_selected.png in Resources */ = {isa = PBXBuildFile; fileRef = 8E0EE6CF1946B36A0098E533 /* first_selected.png */; };
		8E0EE6E41946B36A0098E533 /* first_selected@2x.png in Resources */ = {isa = PBXBuildFile; fileRef = 8E0EE6D01946B36A0098E533 /* first_selected@2x.png */; };
		8E0EE6E51946B36A0098E533 /* navigationbar_background.png in Resources */ = {isa = PBXBuildFile; fileRef = 8E0EE6D11946B36A0098E533 /* navigationbar_background.png */; };
		8E0EE6E61946B36A0098E533 /* navigationbar_background@2x.png in Resources */ = {isa = PBXBuildFile; fileRef = 8E0EE6D21946B36A0098E533 /* navigationbar_background@2x.png */; };
		8E0EE6E71946B36A0098E533 /* navigationbar_background_tall.png in Resources */ = {isa = PBXBuildFile; fileRef = 8E0EE6D31946B36A0098E533 /* navigationbar_background_tall.png */; };
		8E0EE6E81946B36A0098E533 /* navigationbar_background_tall@2x.png in Resources */ = {isa = PBXBuildFile; fileRef = 8E0EE6D41946B36A0098E533 /* navigationbar_background_tall@2x.png */; };
		8E0EE6E91946B36A0098E533 /* second_normal.png in Resources */ = {isa = PBXBuildFile; fileRef = 8E0EE6D51946B36A0098E533 /* second_normal.png */; };
		8E0EE6EA1946B36A0098E533 /* second_normal@2x.png in Resources */ = {isa = PBXBuildFile; fileRef = 8E0EE6D61946B36A0098E533 /* second_normal@2x.png */; };
		8E0EE6EB1946B36A0098E533 /* second_selected.png in Resources */ = {isa = PBXBuildFile; fileRef = 8E0EE6D71946B36A0098E533 /* second_selected.png */; };
		8E0EE6EC1946B36A0098E533 /* second_selected@2x.png in Resources */ = {isa = PBXBuildFile; fileRef = 8E0EE6D81946B36A0098E533 /* second_selected@2x.png */; };
		8E0EE6ED1946B36A0098E533 /* tabbar_normal_background.png in Resources */ = {isa = PBXBuildFile; fileRef = 8E0EE6D91946B36A0098E533 /* tabbar_normal_background.png */; };
		8E0EE6EE1946B36A0098E533 /* tabbar_normal_background@2x.png in Resources */ = {isa = PBXBuildFile; fileRef = 8E0EE6DA1946B36A0098E533 /* tabbar_normal_background@2x.png */; };
		8E0EE6EF1946B36A0098E533 /* tabbar_selected_background.png in Resources */ = {isa = PBXBuildFile; fileRef = 8E0EE6DB1946B36A0098E533 /* tabbar_selected_background.png */; };
		8E0EE6F01946B36A0098E533 /* tabbar_selected_background@2x.png in Resources */ = {isa = PBXBuildFile; fileRef = 8E0EE6DC1946B36A0098E533 /* tabbar_selected_background@2x.png */; };
		8E0EE6F11946B36A0098E533 /* third_normal.png in Resources */ = {isa = PBXBuildFile; fileRef = 8E0EE6DD1946B36A0098E533 /* third_normal.png */; };
		8E0EE6F21946B36A0098E533 /* third_normal@2x.png in Resources */ = {isa = PBXBuildFile; fileRef = 8E0EE6DE1946B36A0098E533 /* third_normal@2x.png */; };
		8E0EE6F31946B36A0098E533 /* third_selected.png in Resources */ = {isa = PBXBuildFile; fileRef = 8E0EE6DF1946B36A0098E533 /* third_selected.png */; };
		8E0EE6F41946B36A0098E533 /* third_selected@2x.png in Resources */ = {isa = PBXBuildFile; fileRef = 8E0EE6E01946B36A0098E533 /* third_selected@2x.png */; };
		8E2E9072194180B100332249 /* mastercard@2x.png in Resources */ = {isa = PBXBuildFile; fileRef = 8E2E906D194180B100332249 /* mastercard@2x.png */; };
		8E2E9073194180B100332249 /* paypal@2x.png in Resources */ = {isa = PBXBuildFile; fileRef = 8E2E906E194180B100332249 /* paypal@2x.png */; };
		8E2E9074194180B100332249 /* visa@2x.png in Resources */ = {isa = PBXBuildFile; fileRef = 8E2E906F194180B100332249 /* visa@2x.png */; };
		8E2E9075194180B100332249 /* wu@2x.png in Resources */ = {isa = PBXBuildFile; fileRef = 8E2E9070194180B100332249 /* wu@2x.png */; };
		8E2E9076194180B100332249 /* wire-transfer@2x.png in Resources */ = {isa = PBXBuildFile; fileRef = 8E2E9071194180B100332249 /* wire-transfer@2x.png */; };
		8E2E9078194180CE00332249 /* blurred_background.png in Resources */ = {isa = PBXBuildFile; fileRef = 8E2E9077194180CE00332249 /* blurred_background.png */; };
		8E4DD514192F2CFC007573AE /* Foundation.framework in Frameworks */ = {isa = PBXBuildFile; fileRef = 8E4DD513192F2CFC007573AE /* Foundation.framework */; };
		8E4DD516192F2CFC007573AE /* CoreGraphics.framework in Frameworks */ = {isa = PBXBuildFile; fileRef = 8E4DD515192F2CFC007573AE /* CoreGraphics.framework */; };
		8E4DD518192F2CFC007573AE /* UIKit.framework in Frameworks */ = {isa = PBXBuildFile; fileRef = 8E4DD517192F2CFC007573AE /* UIKit.framework */; };
		8E4DD51E192F2CFC007573AE /* InfoPlist.strings in Resources */ = {isa = PBXBuildFile; fileRef = 8E4DD51C192F2CFC007573AE /* InfoPlist.strings */; };
		8E4DD520192F2CFC007573AE /* main.m in Sources */ = {isa = PBXBuildFile; fileRef = 8E4DD51F192F2CFC007573AE /* main.m */; };
		8E4DD524192F2CFC007573AE /* TMAppDelegate.m in Sources */ = {isa = PBXBuildFile; fileRef = 8E4DD523192F2CFC007573AE /* TMAppDelegate.m */; };
		8E4DD526192F2CFC007573AE /* Images.xcassets in Resources */ = {isa = PBXBuildFile; fileRef = 8E4DD525192F2CFC007573AE /* Images.xcassets */; };
		8E4DD52D192F2CFC007573AE /* XCTest.framework in Frameworks */ = {isa = PBXBuildFile; fileRef = 8E4DD52C192F2CFC007573AE /* XCTest.framework */; };
		8E4DD52E192F2CFC007573AE /* Foundation.framework in Frameworks */ = {isa = PBXBuildFile; fileRef = 8E4DD513192F2CFC007573AE /* Foundation.framework */; };
		8E4DD52F192F2CFC007573AE /* UIKit.framework in Frameworks */ = {isa = PBXBuildFile; fileRef = 8E4DD517192F2CFC007573AE /* UIKit.framework */; };
		8E4DD537192F2CFC007573AE /* InfoPlist.strings in Resources */ = {isa = PBXBuildFile; fileRef = 8E4DD535192F2CFC007573AE /* InfoPlist.strings */; };
		8E4DD539192F2CFC007573AE /* TimeManageMutiViewTests.m in Sources */ = {isa = PBXBuildFile; fileRef = 8E4DD538192F2CFC007573AE /* TimeManageMutiViewTests.m */; };
		8E4DD54A192F36D0007573AE /* TMTaskViewController.m in Sources */ = {isa = PBXBuildFile; fileRef = 8E4DD549192F36D0007573AE /* TMTaskViewController.m */; };
		8E4DD54C192F36EE007573AE /* TMTaskViewController.xib in Resources */ = {isa = PBXBuildFile; fileRef = 8E4DD54B192F36EE007573AE /* TMTaskViewController.xib */; };
		8E4DD550192F373C007573AE /* TMItemCell.m in Sources */ = {isa = PBXBuildFile; fileRef = 8E4DD54F192F373C007573AE /* TMItemCell.m */; };
		8E4DD555192F375F007573AE /* JZSwipeCell.m in Sources */ = {isa = PBXBuildFile; fileRef = 8E4DD554192F375F007573AE /* JZSwipeCell.m */; };
		8E4DD559192F3795007573AE /* TMDetailViewController.m in Sources */ = {isa = PBXBuildFile; fileRef = 8E4DD557192F3795007573AE /* TMDetailViewController.m */; };
		8E4DD55A192F3795007573AE /* TMDetailViewController.xib in Resources */ = {isa = PBXBuildFile; fileRef = 8E4DD558192F3795007573AE /* TMDetailViewController.xib */; };
		8E4DD55E192F37FF007573AE /* TMSettingViewController.m in Sources */ = {isa = PBXBuildFile; fileRef = 8E4DD55C192F37FF007573AE /* TMSettingViewController.m */; };
		8E4DD55F192F37FF007573AE /* TMSettingViewController.xib in Resources */ = {isa = PBXBuildFile; fileRef = 8E4DD55D192F37FF007573AE /* TMSettingViewController.xib */; };
		8E4DD562192F3C45007573AE /* tabItem2.png in Resources */ = {isa = PBXBuildFile; fileRef = 8E4DD561192F3C45007573AE /* tabItem2.png */; };
		8E6677FB1930A02F00551D13 /* READ.ME in Resources */ = {isa = PBXBuildFile; fileRef = 8E6677FA1930A02F00551D13 /* READ.ME */; };
		8EEA0F941931D38800BFE975 /* TMExploreViewController.m in Sources */ = {isa = PBXBuildFile; fileRef = 8EEA0F921931D38800BFE975 /* TMExploreViewController.m */; };
		8EEA0F951931D38800BFE975 /* TMExploreViewController.xib in Resources */ = {isa = PBXBuildFile; fileRef = 8EEA0F931931D38800BFE975 /* TMExploreViewController.xib */; };
/* End PBXBuildFile section */

/* Begin PBXContainerItemProxy section */
		8E4DD530192F2CFC007573AE /* PBXContainerItemProxy */ = {
			isa = PBXContainerItemProxy;
			containerPortal = 8E4DD508192F2CFC007573AE /* Project object */;
			proxyType = 1;
			remoteGlobalIDString = 8E4DD50F192F2CFC007573AE;
			remoteInfo = TimeManageMutiView;
		};
/* End PBXContainerItemProxy section */

/* Begin PBXFileReference section */
		8E0EE68919469D150098E533 /* TMViewController.h */ = {isa = PBXFileReference; fileEncoding = 4; lastKnownFileType = sourcecode.c.h; path = TMViewController.h; sourceTree = "<group>"; };
		8E0EE68A19469D150098E533 /* TMViewController.m */ = {isa = PBXFileReference; fileEncoding = 4; lastKnownFileType = sourcecode.c.objc; path = TMViewController.m; sourceTree = "<group>"; };
		8E0EE68B19469D150098E533 /* TMViewController.xib */ = {isa = PBXFileReference; fileEncoding = 4; lastKnownFileType = file.xib; path = TMViewController.xib; sourceTree = "<group>"; };
		8E0EE6BB1946AE1E0098E533 /* RDVTabBarItem.h */ = {isa = PBXFileReference; fileEncoding = 4; lastKnownFileType = sourcecode.c.h; path = RDVTabBarItem.h; sourceTree = "<group>"; };
		8E0EE6BC1946AE1E0098E533 /* RDVTabBarItem.m */ = {isa = PBXFileReference; fileEncoding = 4; lastKnownFileType = sourcecode.c.objc; path = RDVTabBarItem.m; sourceTree = "<group>"; };
		8E0EE6BD1946AE1E0098E533 /* RDVTabBar.h */ = {isa = PBXFileReference; fileEncoding = 4; lastKnownFileType = sourcecode.c.h; path = RDVTabBar.h; sourceTree = "<group>"; };
		8E0EE6BE1946AE1E0098E533 /* RDVTabBar.m */ = {isa = PBXFileReference; fileEncoding = 4; lastKnownFileType = sourcecode.c.objc; path = RDVTabBar.m; sourceTree = "<group>"; };
		8E0EE6BF1946AE1E0098E533 /* RDVTabBarController.h */ = {isa = PBXFileReference; fileEncoding = 4; lastKnownFileType = sourcecode.c.h; path = RDVTabBarController.h; sourceTree = "<group>"; };
		8E0EE6C01946AE1E0098E533 /* RDVTabBarController.m */ = {isa = PBXFileReference; fileEncoding = 4; lastKnownFileType = sourcecode.c.objc; path = RDVTabBarController.m; sourceTree = "<group>"; };
		8E0EE6C41946AE2C0098E533 /* iPad.png */ = {isa = PBXFileReference; lastKnownFileType = image.png; path = iPad.png; sourceTree = "<group>"; };
		8E0EE6C51946AE2C0098E533 /* iPad-small.png */ = {isa = PBXFileReference; lastKnownFileType = image.png; path = "iPad-small.png"; sourceTree = "<group>"; };
		8E0EE6C61946AE2C0098E533 /* iPhone.png */ = {isa = PBXFileReference; lastKnownFileType = image.png; path = iPhone.png; sourceTree = "<group>"; };
		8E0EE6C71946AE2C0098E533 /* iPhone-small.png */ = {isa = PBXFileReference; lastKnownFileType = image.png; path = "iPhone-small.png"; sourceTree = "<group>"; };
		8E0EE6CD1946B36A0098E533 /* first_normal.png */ = {isa = PBXFileReference; lastKnownFileType = image.png; path = first_normal.png; sourceTree = "<group>"; };
		8E0EE6CE1946B36A0098E533 /* first_normal@2x.png */ = {isa = PBXFileReference; lastKnownFileType = image.png; path = "first_normal@2x.png"; sourceTree = "<group>"; };
		8E0EE6CF1946B36A0098E533 /* first_selected.png */ = {isa = PBXFileReference; lastKnownFileType = image.png; path = first_selected.png; sourceTree = "<group>"; };
		8E0EE6D01946B36A0098E533 /* first_selected@2x.png */ = {isa = PBXFileReference; lastKnownFileType = image.png; path = "first_selected@2x.png"; sourceTree = "<group>"; };
		8E0EE6D11946B36A0098E533 /* navigationbar_background.png */ = {isa = PBXFileReference; lastKnownFileType = image.png; path = navigationbar_background.png; sourceTree = "<group>"; };
		8E0EE6D21946B36A0098E533 /* navigationbar_background@2x.png */ = {isa = PBXFileReference; lastKnownFileType = image.png; path = "navigationbar_background@2x.png"; sourceTree = "<group>"; };
		8E0EE6D31946B36A0098E533 /* navigationbar_background_tall.png */ = {isa = PBXFileReference; lastKnownFileType = image.png; path = navigationbar_background_tall.png; sourceTree = "<group>"; };
		8E0EE6D41946B36A0098E533 /* navigationbar_background_tall@2x.png */ = {isa = PBXFileReference; lastKnownFileType = image.png; path = "navigationbar_background_tall@2x.png"; sourceTree = "<group>"; };
		8E0EE6D51946B36A0098E533 /* second_normal.png */ = {isa = PBXFileReference; lastKnownFileType = image.png; path = second_normal.png; sourceTree = "<group>"; };
		8E0EE6D61946B36A0098E533 /* second_normal@2x.png */ = {isa = PBXFileReference; lastKnownFileType = image.png; path = "second_normal@2x.png"; sourceTree = "<group>"; };
		8E0EE6D71946B36A0098E533 /* second_selected.png */ = {isa = PBXFileReference; lastKnownFileType = image.png; path = second_selected.png; sourceTree = "<group>"; };
		8E0EE6D81946B36A0098E533 /* second_selected@2x.png */ = {isa = PBXFileReference; lastKnownFileType = image.png; path = "second_selected@2x.png"; sourceTree = "<group>"; };
		8E0EE6D91946B36A0098E533 /* tabbar_normal_background.png */ = {isa = PBXFileReference; lastKnownFileType = image.png; path = tabbar_normal_background.png; sourceTree = "<group>"; };
		8E0EE6DA1946B36A0098E533 /* tabbar_normal_background@2x.png */ = {isa = PBXFileReference; lastKnownFileType = image.png; path = "tabbar_normal_background@2x.png"; sourceTree = "<group>"; };
		8E0EE6DB1946B36A0098E533 /* tabbar_selected_background.png */ = {isa = PBXFileReference; lastKnownFileType = image.png; path = tabbar_selected_background.png; sourceTree = "<group>"; };
		8E0EE6DC1946B36A0098E533 /* tabbar_selected_background@2x.png */ = {isa = PBXFileReference; lastKnownFileType = image.png; path = "tabbar_selected_background@2x.png"; sourceTree = "<group>"; };
		8E0EE6DD1946B36A0098E533 /* third_normal.png */ = {isa = PBXFileReference; lastKnownFileType = image.png; path = third_normal.png; sourceTree = "<group>"; };
		8E0EE6DE1946B36A0098E533 /* third_normal@2x.png */ = {isa = PBXFileReference; lastKnownFileType = image.png; path = "third_normal@2x.png"; sourceTree = "<group>"; };
		8E0EE6DF1946B36A0098E533 /* third_selected.png */ = {isa = PBXFileReference; lastKnownFileType = image.png; path = third_selected.png; sourceTree = "<group>"; };
		8E0EE6E01946B36A0098E533 /* third_selected@2x.png */ = {isa = PBXFileReference; lastKnownFileType = image.png; path = "third_selected@2x.png"; sourceTree = "<group>"; };
		8E2E906D194180B100332249 /* mastercard@2x.png */ = {isa = PBXFileReference; lastKnownFileType = image.png; path = "mastercard@2x.png"; sourceTree = "<group>"; };
		8E2E906E194180B100332249 /* paypal@2x.png */ = {isa = PBXFileReference; lastKnownFileType = image.png; path = "paypal@2x.png"; sourceTree = "<group>"; };
		8E2E906F194180B100332249 /* visa@2x.png */ = {isa = PBXFileReference; lastKnownFileType = image.png; path = "visa@2x.png"; sourceTree = "<group>"; };
		8E2E9070194180B100332249 /* wu@2x.png */ = {isa = PBXFileReference; lastKnownFileType = image.png; path = "wu@2x.png"; sourceTree = "<group>"; };
		8E2E9071194180B100332249 /* wire-transfer@2x.png */ = {isa = PBXFileReference; lastKnownFileType = image.png; path = "wire-transfer@2x.png"; sourceTree = "<group>"; };
		8E2E9077194180CE00332249 /* blurred_background.png */ = {isa = PBXFileReference; lastKnownFileType = image.png; path = blurred_background.png; sourceTree = "<group>"; };
		8E4DD510192F2CFC007573AE /* TimeManageMutiView.app */ = {isa = PBXFileReference; explicitFileType = wrapper.application; includeInIndex = 0; path = TimeManageMutiView.app; sourceTree = BUILT_PRODUCTS_DIR; };
		8E4DD513192F2CFC007573AE /* Foundation.framework */ = {isa = PBXFileReference; lastKnownFileType = wrapper.framework; name = Foundation.framework; path = System/Library/Frameworks/Foundation.framework; sourceTree = SDKROOT; };
		8E4DD515192F2CFC007573AE /* CoreGraphics.framework */ = {isa = PBXFileReference; lastKnownFileType = wrapper.framework; name = CoreGraphics.framework; path = System/Library/Frameworks/CoreGraphics.framework; sourceTree = SDKROOT; };
		8E4DD517192F2CFC007573AE /* UIKit.framework */ = {isa = PBXFileReference; lastKnownFileType = wrapper.framework; name = UIKit.framework; path = System/Library/Frameworks/UIKit.framework; sourceTree = SDKROOT; };
		8E4DD51B192F2CFC007573AE /* TimeManageMutiView-Info.plist */ = {isa = PBXFileReference; lastKnownFileType = text.plist.xml; path = "TimeManageMutiView-Info.plist"; sourceTree = "<group>"; };
		8E4DD51D192F2CFC007573AE /* en */ = {isa = PBXFileReference; lastKnownFileType = text.plist.strings; name = en; path = en.lproj/InfoPlist.strings; sourceTree = "<group>"; };
		8E4DD51F192F2CFC007573AE /* main.m */ = {isa = PBXFileReference; lastKnownFileType = sourcecode.c.objc; path = main.m; sourceTree = "<group>"; };
		8E4DD521192F2CFC007573AE /* TimeManageMutiView-Prefix.pch */ = {isa = PBXFileReference; lastKnownFileType = sourcecode.c.h; path = "TimeManageMutiView-Prefix.pch"; sourceTree = "<group>"; };
		8E4DD522192F2CFC007573AE /* TMAppDelegate.h */ = {isa = PBXFileReference; lastKnownFileType = sourcecode.c.h; path = TMAppDelegate.h; sourceTree = "<group>"; };
		8E4DD523192F2CFC007573AE /* TMAppDelegate.m */ = {isa = PBXFileReference; lastKnownFileType = sourcecode.c.objc; path = TMAppDelegate.m; sourceTree = "<group>"; };
		8E4DD525192F2CFC007573AE /* Images.xcassets */ = {isa = PBXFileReference; lastKnownFileType = folder.assetcatalog; path = Images.xcassets; sourceTree = "<group>"; };
		8E4DD52B192F2CFC007573AE /* TimeManageMutiViewTests.xctest */ = {isa = PBXFileReference; explicitFileType = wrapper.cfbundle; includeInIndex = 0; path = TimeManageMutiViewTests.xctest; sourceTree = BUILT_PRODUCTS_DIR; };
		8E4DD52C192F2CFC007573AE /* XCTest.framework */ = {isa = PBXFileReference; lastKnownFileType = wrapper.framework; name = XCTest.framework; path = Library/Frameworks/XCTest.framework; sourceTree = DEVELOPER_DIR; };
		8E4DD534192F2CFC007573AE /* TimeManageMutiViewTests-Info.plist */ = {isa = PBXFileReference; lastKnownFileType = text.plist.xml; path = "TimeManageMutiViewTests-Info.plist"; sourceTree = "<group>"; };
		8E4DD536192F2CFC007573AE /* en */ = {isa = PBXFileReference; lastKnownFileType = text.plist.strings; name = en; path = en.lproj/InfoPlist.strings; sourceTree = "<group>"; };
		8E4DD538192F2CFC007573AE /* TimeManageMutiViewTests.m */ = {isa = PBXFileReference; lastKnownFileType = sourcecode.c.objc; path = TimeManageMutiViewTests.m; sourceTree = "<group>"; };
		8E4DD548192F36D0007573AE /* TMTaskViewController.h */ = {isa = PBXFileReference; fileEncoding = 4; lastKnownFileType = sourcecode.c.h; path = TMTaskViewController.h; sourceTree = "<group>"; };
		8E4DD549192F36D0007573AE /* TMTaskViewController.m */ = {isa = PBXFileReference; fileEncoding = 4; lastKnownFileType = sourcecode.c.objc; path = TMTaskViewController.m; sourceTree = "<group>"; };
		8E4DD54B192F36EE007573AE /* TMTaskViewController.xib */ = {isa = PBXFileReference; fileEncoding = 4; lastKnownFileType = file.xib; path = TMTaskViewController.xib; sourceTree = "<group>"; };
		8E4DD54E192F373C007573AE /* TMItemCell.h */ = {isa = PBXFileReference; fileEncoding = 4; lastKnownFileType = sourcecode.c.h; path = TMItemCell.h; sourceTree = "<group>"; };
		8E4DD54F192F373C007573AE /* TMItemCell.m */ = {isa = PBXFileReference; fileEncoding = 4; lastKnownFileType = sourcecode.c.objc; path = TMItemCell.m; sourceTree = "<group>"; };
		8E4DD553192F375F007573AE /* JZSwipeCell.h */ = {isa = PBXFileReference; fileEncoding = 4; lastKnownFileType = sourcecode.c.h; path = JZSwipeCell.h; sourceTree = "<group>"; };
		8E4DD554192F375F007573AE /* JZSwipeCell.m */ = {isa = PBXFileReference; fileEncoding = 4; lastKnownFileType = sourcecode.c.objc; path = JZSwipeCell.m; sourceTree = "<group>"; };
		8E4DD556192F3795007573AE /* TMDetailViewController.h */ = {isa = PBXFileReference; fileEncoding = 4; lastKnownFileType = sourcecode.c.h; path = TMDetailViewController.h; sourceTree = "<group>"; };
		8E4DD557192F3795007573AE /* TMDetailViewController.m */ = {isa = PBXFileReference; fileEncoding = 4; lastKnownFileType = sourcecode.c.objc; path = TMDetailViewController.m; sourceTree = "<group>"; };
		8E4DD558192F3795007573AE /* TMDetailViewController.xib */ = {isa = PBXFileReference; fileEncoding = 4; lastKnownFileType = file.xib; path = TMDetailViewController.xib; sourceTree = "<group>"; };
		8E4DD55B192F37FF007573AE /* TMSettingViewController.h */ = {isa = PBXFileReference; fileEncoding = 4; lastKnownFileType = sourcecode.c.h; path = TMSettingViewController.h; sourceTree = "<group>"; };
		8E4DD55C192F37FF007573AE /* TMSettingViewController.m */ = {isa = PBXFileReference; fileEncoding = 4; lastKnownFileType = sourcecode.c.objc; path = TMSettingViewController.m; sourceTree = "<group>"; };
		8E4DD55D192F37FF007573AE /* TMSettingViewController.xib */ = {isa = PBXFileReference; fileEncoding = 4; lastKnownFileType = file.xib; path = TMSettingViewController.xib; sourceTree = "<group>"; };
		8E4DD561192F3C45007573AE /* tabItem2.png */ = {isa = PBXFileReference; lastKnownFileType = image.png; path = tabItem2.png; sourceTree = "<group>"; };
		8E6677FA1930A02F00551D13 /* READ.ME */ = {isa = PBXFileReference; fileEncoding = 4; lastKnownFileType = text; path = READ.ME; sourceTree = "<group>"; };
		8EEA0F911931D38800BFE975 /* TMExploreViewController.h */ = {isa = PBXFileReference; fileEncoding = 4; lastKnownFileType = sourcecode.c.h; path = TMExploreViewController.h; sourceTree = "<group>"; };
		8EEA0F921931D38800BFE975 /* TMExploreViewController.m */ = {isa = PBXFileReference; fileEncoding = 4; lastKnownFileType = sourcecode.c.objc; path = TMExploreViewController.m; sourceTree = "<group>"; };
		8EEA0F931931D38800BFE975 /* TMExploreViewController.xib */ = {isa = PBXFileReference; fileEncoding = 4; lastKnownFileType = file.xib; path = TMExploreViewController.xib; sourceTree = "<group>"; };
/* End PBXFileReference section */

/* Begin PBXFrameworksBuildPhase section */
		8E4DD50D192F2CFC007573AE /* Frameworks */ = {
			isa = PBXFrameworksBuildPhase;
			buildActionMask = 2147483647;
			files = (
				8E4DD516192F2CFC007573AE /* CoreGraphics.framework in Frameworks */,
				8E4DD518192F2CFC007573AE /* UIKit.framework in Frameworks */,
				8E4DD514192F2CFC007573AE /* Foundation.framework in Frameworks */,
			);
			runOnlyForDeploymentPostprocessing = 0;
		};
		8E4DD528192F2CFC007573AE /* Frameworks */ = {
			isa = PBXFrameworksBuildPhase;
			buildActionMask = 2147483647;
			files = (
				8E4DD52D192F2CFC007573AE /* XCTest.framework in Frameworks */,
				8E4DD52F192F2CFC007573AE /* UIKit.framework in Frameworks */,
				8E4DD52E192F2CFC007573AE /* Foundation.framework in Frameworks */,
			);
			runOnlyForDeploymentPostprocessing = 0;
		};
/* End PBXFrameworksBuildPhase section */

/* Begin PBXGroup section */
		8E0EE6BA1946ADF00098E533 /* RDVTabBar */ = {
			isa = PBXGroup;
			children = (
				8E0EE6BB1946AE1E0098E533 /* RDVTabBarItem.h */,
				8E0EE6BC1946AE1E0098E533 /* RDVTabBarItem.m */,
				8E0EE6BD1946AE1E0098E533 /* RDVTabBar.h */,
				8E0EE6BE1946AE1E0098E533 /* RDVTabBar.m */,
				8E0EE6BF1946AE1E0098E533 /* RDVTabBarController.h */,
				8E0EE6C01946AE1E0098E533 /* RDVTabBarController.m */,
				8E0EE6C41946AE2C0098E533 /* iPad.png */,
				8E0EE6C51946AE2C0098E533 /* iPad-small.png */,
				8E0EE6C61946AE2C0098E533 /* iPhone.png */,
				8E0EE6C71946AE2C0098E533 /* iPhone-small.png */,
			);
			name = RDVTabBar;
			sourceTree = "<group>";
		};
		8E0EE6CC1946B34F0098E533 /* tabbar images */ = {
			isa = PBXGroup;
			children = (
				8E0EE6CD1946B36A0098E533 /* first_normal.png */,
				8E0EE6CE1946B36A0098E533 /* first_normal@2x.png */,
				8E0EE6CF1946B36A0098E533 /* first_selected.png */,
				8E0EE6D01946B36A0098E533 /* first_selected@2x.png */,
				8E0EE6D11946B36A0098E533 /* navigationbar_background.png */,
				8E0EE6D21946B36A0098E533 /* navigationbar_background@2x.png */,
				8E0EE6D31946B36A0098E533 /* navigationbar_background_tall.png */,
				8E0EE6D41946B36A0098E533 /* navigationbar_background_tall@2x.png */,
				8E0EE6D51946B36A0098E533 /* second_normal.png */,
				8E0EE6D61946B36A0098E533 /* second_normal@2x.png */,
				8E0EE6D71946B36A0098E533 /* second_selected.png */,
				8E0EE6D81946B36A0098E533 /* second_selected@2x.png */,
				8E0EE6D91946B36A0098E533 /* tabbar_normal_background.png */,
				8E0EE6DA1946B36A0098E533 /* tabbar_normal_background@2x.png */,
				8E0EE6DB1946B36A0098E533 /* tabbar_selected_background.png */,
				8E0EE6DC1946B36A0098E533 /* tabbar_selected_background@2x.png */,
				8E0EE6DD1946B36A0098E533 /* third_normal.png */,
				8E0EE6DE1946B36A0098E533 /* third_normal@2x.png */,
				8E0EE6DF1946B36A0098E533 /* third_selected.png */,
				8E0EE6E01946B36A0098E533 /* third_selected@2x.png */,
			);
			name = "tabbar images";
			sourceTree = "<group>";
		};
		8E2E906C1941808E00332249 /* titled items  */ = {
			isa = PBXGroup;
			children = (
				8E2E906D194180B100332249 /* mastercard@2x.png */,
				8E2E906E194180B100332249 /* paypal@2x.png */,
				8E2E906F194180B100332249 /* visa@2x.png */,
				8E2E9070194180B100332249 /* wu@2x.png */,
				8E2E9071194180B100332249 /* wire-transfer@2x.png */,
			);
			name = "titled items ";
			sourceTree = "<group>";
		};
		8E4DD507192F2CFC007573AE = {
			isa = PBXGroup;
			children = (
				8E6677FA1930A02F00551D13 /* READ.ME */,
				8E4DD519192F2CFC007573AE /* TimeManageMutiView */,
				8E4DD532192F2CFC007573AE /* TimeManageMutiViewTests */,
				8E4DD512192F2CFC007573AE /* Frameworks */,
				8E4DD511192F2CFC007573AE /* Products */,
			);
			sourceTree = "<group>";
		};
		8E4DD511192F2CFC007573AE /* Products */ = {
			isa = PBXGroup;
			children = (
				8E4DD510192F2CFC007573AE /* TimeManageMutiView.app */,
				8E4DD52B192F2CFC007573AE /* TimeManageMutiViewTests.xctest */,
			);
			name = Products;
			sourceTree = "<group>";
		};
		8E4DD512192F2CFC007573AE /* Frameworks */ = {
			isa = PBXGroup;
			children = (
				8E4DD513192F2CFC007573AE /* Foundation.framework */,
				8E4DD515192F2CFC007573AE /* CoreGraphics.framework */,
				8E4DD517192F2CFC007573AE /* UIKit.framework */,
				8E4DD52C192F2CFC007573AE /* XCTest.framework */,
			);
			name = Frameworks;
			sourceTree = "<group>";
		};
		8E4DD519192F2CFC007573AE /* TimeManageMutiView */ = {
			isa = PBXGroup;
			children = (
				8E4DD551192F3749007573AE /* Lib */,
				8E4DD54D192F372C007573AE /* Views */,
				8E4DD542192F2D43007573AE /* Controllers */,
				8E4DD522192F2CFC007573AE /* TMAppDelegate.h */,
				8E4DD523192F2CFC007573AE /* TMAppDelegate.m */,
				8E4DD525192F2CFC007573AE /* Images.xcassets */,
				8E4DD51A192F2CFC007573AE /* Supporting Files */,
			);
			path = TimeManageMutiView;
			sourceTree = "<group>";
		};
		8E4DD51A192F2CFC007573AE /* Supporting Files */ = {
			isa = PBXGroup;
			children = (
				8E4DD560192F3C36007573AE /* Images */,
				8E4DD51B192F2CFC007573AE /* TimeManageMutiView-Info.plist */,
				8E4DD51C192F2CFC007573AE /* InfoPlist.strings */,
				8E4DD51F192F2CFC007573AE /* main.m */,
				8E4DD521192F2CFC007573AE /* TimeManageMutiView-Prefix.pch */,
			);
			name = "Supporting Files";
			sourceTree = "<group>";
		};
		8E4DD532192F2CFC007573AE /* TimeManageMutiViewTests */ = {
			isa = PBXGroup;
			children = (
				8E4DD538192F2CFC007573AE /* TimeManageMutiViewTests.m */,
				8E4DD533192F2CFC007573AE /* Supporting Files */,
			);
			path = TimeManageMutiViewTests;
			sourceTree = "<group>";
		};
		8E4DD533192F2CFC007573AE /* Supporting Files */ = {
			isa = PBXGroup;
			children = (
				8E4DD534192F2CFC007573AE /* TimeManageMutiViewTests-Info.plist */,
				8E4DD535192F2CFC007573AE /* InfoPlist.strings */,
			);
			name = "Supporting Files";
			sourceTree = "<group>";
		};
		8E4DD542192F2D43007573AE /* Controllers */ = {
			isa = PBXGroup;
			children = (
				8E4DD548192F36D0007573AE /* TMTaskViewController.h */,
				8E4DD549192F36D0007573AE /* TMTaskViewController.m */,
				8E4DD54B192F36EE007573AE /* TMTaskViewController.xib */,
				8E4DD556192F3795007573AE /* TMDetailViewController.h */,
				8E4DD557192F3795007573AE /* TMDetailViewController.m */,
				8E4DD558192F3795007573AE /* TMDetailViewController.xib */,
				8E4DD55B192F37FF007573AE /* TMSettingViewController.h */,
				8E4DD55C192F37FF007573AE /* TMSettingViewController.m */,
				8E4DD55D192F37FF007573AE /* TMSettingViewController.xib */,
				8EEA0F911931D38800BFE975 /* TMExploreViewController.h */,
				8EEA0F921931D38800BFE975 /* TMExploreViewController.m */,
				8EEA0F931931D38800BFE975 /* TMExploreViewController.xib */,
				8E0EE68919469D150098E533 /* TMViewController.h */,
				8E0EE68A19469D150098E533 /* TMViewController.m */,
				8E0EE68B19469D150098E533 /* TMViewController.xib */,
			);
			name = Controllers;
			sourceTree = "<group>";
		};
		8E4DD54D192F372C007573AE /* Views */ = {
			isa = PBXGroup;
			children = (
				8E4DD54E192F373C007573AE /* TMItemCell.h */,
				8E4DD54F192F373C007573AE /* TMItemCell.m */,
			);
			name = Views;
			sourceTree = "<group>";
		};
		8E4DD551192F3749007573AE /* Lib */ = {
			isa = PBXGroup;
			children = (
				8E0EE6BA1946ADF00098E533 /* RDVTabBar */,
				8E4DD552192F374E007573AE /* JZSwipeCell */,
			);
			name = Lib;
			sourceTree = "<group>";
		};
		8E4DD552192F374E007573AE /* JZSwipeCell */ = {
			isa = PBXGroup;
			children = (
				8E4DD553192F375F007573AE /* JZSwipeCell.h */,
				8E4DD554192F375F007573AE /* JZSwipeCell.m */,
			);
			name = JZSwipeCell;
			sourceTree = "<group>";
		};
		8E4DD560192F3C36007573AE /* Images */ = {
			isa = PBXGroup;
			children = (
				8E0EE6CC1946B34F0098E533 /* tabbar images */,
				8E2E9077194180CE00332249 /* blurred_background.png */,
				8E2E906C1941808E00332249 /* titled items  */,
				8E4DD561192F3C45007573AE /* tabItem2.png */,
			);
			name = Images;
			sourceTree = "<group>";
		};
/* End PBXGroup section */

/* Begin PBXNativeTarget section */
		8E4DD50F192F2CFC007573AE /* TimeManageMutiView */ = {
			isa = PBXNativeTarget;
			buildConfigurationList = 8E4DD53C192F2CFC007573AE /* Build configuration list for PBXNativeTarget "TimeManageMutiView" */;
			buildPhases = (
				8E4DD50C192F2CFC007573AE /* Sources */,
				8E4DD50D192F2CFC007573AE /* Frameworks */,
				8E4DD50E192F2CFC007573AE /* Resources */,
			);
			buildRules = (
			);
			dependencies = (
			);
			name = TimeManageMutiView;
			productName = TimeManageMutiView;
			productReference = 8E4DD510192F2CFC007573AE /* TimeManageMutiView.app */;
			productType = "com.apple.product-type.application";
		};
		8E4DD52A192F2CFC007573AE /* TimeManageMutiViewTests */ = {
			isa = PBXNativeTarget;
			buildConfigurationList = 8E4DD53F192F2CFC007573AE /* Build configuration list for PBXNativeTarget "TimeManageMutiViewTests" */;
			buildPhases = (
				8E4DD527192F2CFC007573AE /* Sources */,
				8E4DD528192F2CFC007573AE /* Frameworks */,
				8E4DD529192F2CFC007573AE /* Resources */,
			);
			buildRules = (
			);
			dependencies = (
				8E4DD531192F2CFC007573AE /* PBXTargetDependency */,
			);
			name = TimeManageMutiViewTests;
			productName = TimeManageMutiViewTests;
			productReference = 8E4DD52B192F2CFC007573AE /* TimeManageMutiViewTests.xctest */;
			productType = "com.apple.product-type.bundle.unit-test";
		};
/* End PBXNativeTarget section */

/* Begin PBXProject section */
		8E4DD508192F2CFC007573AE /* Project object */ = {
			isa = PBXProject;
			attributes = {
				CLASSPREFIX = TM;
				LastUpgradeCheck = 0510;
				ORGANIZATIONNAME = stone;
				TargetAttributes = {
					8E4DD50F192F2CFC007573AE = {
						DevelopmentTeam = 57R954LW37;
					};
					8E4DD52A192F2CFC007573AE = {
						TestTargetID = 8E4DD50F192F2CFC007573AE;
					};
				};
			};
			buildConfigurationList = 8E4DD50B192F2CFC007573AE /* Build configuration list for PBXProject "TimeManageMutiView" */;
			compatibilityVersion = "Xcode 3.2";
			developmentRegion = English;
			hasScannedForEncodings = 0;
			knownRegions = (
				en,
			);
			mainGroup = 8E4DD507192F2CFC007573AE;
			productRefGroup = 8E4DD511192F2CFC007573AE /* Products */;
			projectDirPath = "";
			projectRoot = "";
			targets = (
				8E4DD50F192F2CFC007573AE /* TimeManageMutiView */,
				8E4DD52A192F2CFC007573AE /* TimeManageMutiViewTests */,
			);
		};
/* End PBXProject section */

/* Begin PBXResourcesBuildPhase section */
		8E4DD50E192F2CFC007573AE /* Resources */ = {
			isa = PBXResourcesBuildPhase;
			buildActionMask = 2147483647;
			files = (
				8E0EE6EE1946B36A0098E533 /* tabbar_normal_background@2x.png in Resources */,
				8E0EE6EF1946B36A0098E533 /* tabbar_selected_background.png in Resources */,
				8E0EE6F31946B36A0098E533 /* third_selected.png in Resources */,
				8E0EE6E41946B36A0098E533 /* first_selected@2x.png in Resources */,
				8E4DD51E192F2CFC007573AE /* InfoPlist.strings in Resources */,
				8E0EE6F11946B36A0098E533 /* third_normal.png in Resources */,
				8E0EE6EA1946B36A0098E533 /* second_normal@2x.png in Resources */,
				8E4DD526192F2CFC007573AE /* Images.xcassets in Resources */,
				8E0EE6E91946B36A0098E533 /* second_normal.png in Resources */,
				8E4DD55F192F37FF007573AE /* TMSettingViewController.xib in Resources */,
				8EEA0F951931D38800BFE975 /* TMExploreViewController.xib in Resources */,
				8E0EE6E11946B36A0098E533 /* first_normal.png in Resources */,
				8E0EE6E21946B36A0098E533 /* first_normal@2x.png in Resources */,
				8E0EE6CB1946AE2C0098E533 /* iPhone-small.png in Resources */,
				8E4DD55A192F3795007573AE /* TMDetailViewController.xib in Resources */,
				8E2E9073194180B100332249 /* paypal@2x.png in Resources */,
				8E4DD54C192F36EE007573AE /* TMTaskViewController.xib in Resources */,
				8E0EE6F21946B36A0098E533 /* third_normal@2x.png in Resources */,
				8E0EE6EB1946B36A0098E533 /* second_selected.png in Resources */,
				8E2E9072194180B100332249 /* mastercard@2x.png in Resources */,
				8E0EE6ED1946B36A0098E533 /* tabbar_normal_background.png in Resources */,
				8E0EE6C91946AE2C0098E533 /* iPad-small.png in Resources */,
				8E0EE6CA1946AE2C0098E533 /* iPhone.png in Resources */,
				8E0EE6E61946B36A0098E533 /* navigationbar_background@2x.png in Resources */,
				8E4DD562192F3C45007573AE /* tabItem2.png in Resources */,
				8E2E9074194180B100332249 /* visa@2x.png in Resources */,
				8E2E9075194180B100332249 /* wu@2x.png in Resources */,
				8E0EE6E51946B36A0098E533 /* navigationbar_background.png in Resources */,
				8E2E9076194180B100332249 /* wire-transfer@2x.png in Resources */,
				8E0EE6E81946B36A0098E533 /* navigationbar_background_tall@2x.png in Resources */,
				8E0EE6F01946B36A0098E533 /* tabbar_selected_background@2x.png in Resources */,
				8E2E9078194180CE00332249 /* blurred_background.png in Resources */,
				8E0EE6F41946B36A0098E533 /* third_selected@2x.png in Resources */,
				8E0EE6C81946AE2C0098E533 /* iPad.png in Resources */,
				8E0EE6E71946B36A0098E533 /* navigationbar_background_tall.png in Resources */,
				8E0EE68D19469D150098E533 /* TMViewController.xib in Resources */,
				8E6677FB1930A02F00551D13 /* READ.ME in Resources */,
				8E0EE6EC1946B36A0098E533 /* second_selected@2x.png in Resources */,
				8E0EE6E31946B36A0098E533 /* first_selected.png in Resources */,
			);
			runOnlyForDeploymentPostprocessing = 0;
		};
		8E4DD529192F2CFC007573AE /* Resources */ = {
			isa = PBXResourcesBuildPhase;
			buildActionMask = 2147483647;
			files = (
				8E4DD537192F2CFC007573AE /* InfoPlist.strings in Resources */,
			);
			runOnlyForDeploymentPostprocessing = 0;
		};
/* End PBXResourcesBuildPhase section */

/* Begin PBXSourcesBuildPhase section */
		8E4DD50C192F2CFC007573AE /* Sources */ = {
			isa = PBXSourcesBuildPhase;
			buildActionMask = 2147483647;
			files = (
				8E4DD559192F3795007573AE /* TMDetailViewController.m in Sources */,
				8E0EE6C21946AE1E0098E533 /* RDVTabBar.m in Sources */,
				8E4DD54A192F36D0007573AE /* TMTaskViewController.m in Sources */,
				8E4DD555192F375F007573AE /* JZSwipeCell.m in Sources */,
				8EEA0F941931D38800BFE975 /* TMExploreViewController.m in Sources */,
				8E4DD520192F2CFC007573AE /* main.m in Sources */,
				8E0EE68C19469D150098E533 /* TMViewController.m in Sources */,
				8E0EE6C11946AE1E0098E533 /* RDVTabBarItem.m in Sources */,
				8E4DD524192F2CFC007573AE /* TMAppDelegate.m in Sources */,
				8E4DD55E192F37FF007573AE /* TMSettingViewController.m in Sources */,
				8E4DD550192F373C007573AE /* TMItemCell.m in Sources */,
				8E0EE6C31946AE1E0098E533 /* RDVTabBarController.m in Sources */,
			);
			runOnlyForDeploymentPostprocessing = 0;
		};
		8E4DD527192F2CFC007573AE /* Sources */ = {
			isa = PBXSourcesBuildPhase;
			buildActionMask = 2147483647;
			files = (
				8E4DD539192F2CFC007573AE /* TimeManageMutiViewTests.m in Sources */,
			);
			runOnlyForDeploymentPostprocessing = 0;
		};
/* End PBXSourcesBuildPhase section */

/* Begin PBXTargetDependency section */
		8E4DD531192F2CFC007573AE /* PBXTargetDependency */ = {
			isa = PBXTargetDependency;
			target = 8E4DD50F192F2CFC007573AE /* TimeManageMutiView */;
			targetProxy = 8E4DD530192F2CFC007573AE /* PBXContainerItemProxy */;
		};
/* End PBXTargetDependency section */

/* Begin PBXVariantGroup section */
		8E4DD51C192F2CFC007573AE /* InfoPlist.strings */ = {
			isa = PBXVariantGroup;
			children = (
				8E4DD51D192F2CFC007573AE /* en */,
			);
			name = InfoPlist.strings;
			sourceTree = "<group>";
		};
		8E4DD535192F2CFC007573AE /* InfoPlist.strings */ = {
			isa = PBXVariantGroup;
			children = (
				8E4DD536192F2CFC007573AE /* en */,
			);
			name = InfoPlist.strings;
			sourceTree = "<group>";
		};
/* End PBXVariantGroup section */

/* Begin XCBuildConfiguration section */
		8E4DD53A192F2CFC007573AE /* Debug */ = {
			isa = XCBuildConfiguration;
			buildSettings = {
				ALWAYS_SEARCH_USER_PATHS = NO;
				CLANG_CXX_LANGUAGE_STANDARD = "gnu++0x";
				CLANG_CXX_LIBRARY = "libc++";
				CLANG_ENABLE_MODULES = YES;
				CLANG_ENABLE_OBJC_ARC = YES;
				CLANG_WARN_BOOL_CONVERSION = YES;
				CLANG_WARN_CONSTANT_CONVERSION = YES;
				CLANG_WARN_DIRECT_OBJC_ISA_USAGE = YES_ERROR;
				CLANG_WARN_EMPTY_BODY = YES;
				CLANG_WARN_ENUM_CONVERSION = YES;
				CLANG_WARN_INT_CONVERSION = YES;
				CLANG_WARN_OBJC_ROOT_CLASS = YES_ERROR;
				CLANG_WARN__DUPLICATE_METHOD_MATCH = YES;
				"CODE_SIGN_IDENTITY[sdk=iphoneos*]" = "iPhone Developer";
				COPY_PHASE_STRIP = NO;
				GCC_C_LANGUAGE_STANDARD = gnu99;
				GCC_DYNAMIC_NO_PIC = NO;
				GCC_OPTIMIZATION_LEVEL = 0;
				GCC_PREPROCESSOR_DEFINITIONS = (
					"DEBUG=1",
					"$(inherited)",
				);
				GCC_SYMBOLS_PRIVATE_EXTERN = NO;
				GCC_WARN_64_TO_32_BIT_CONVERSION = YES;
				GCC_WARN_ABOUT_RETURN_TYPE = YES_ERROR;
				GCC_WARN_UNDECLARED_SELECTOR = YES;
				GCC_WARN_UNINITIALIZED_AUTOS = YES_AGGRESSIVE;
				GCC_WARN_UNUSED_FUNCTION = YES;
				GCC_WARN_UNUSED_VARIABLE = YES;
				IPHONEOS_DEPLOYMENT_TARGET = 7.1;
				ONLY_ACTIVE_ARCH = YES;
				SDKROOT = iphoneos;
			};
			name = Debug;
		};
		8E4DD53B192F2CFC007573AE /* Release */ = {
			isa = XCBuildConfiguration;
			buildSettings = {
				ALWAYS_SEARCH_USER_PATHS = NO;
				CLANG_CXX_LANGUAGE_STANDARD = "gnu++0x";
				CLANG_CXX_LIBRARY = "libc++";
				CLANG_ENABLE_MODULES = YES;
				CLANG_ENABLE_OBJC_ARC = YES;
				CLANG_WARN_BOOL_CONVERSION = YES;
				CLANG_WARN_CONSTANT_CONVERSION = YES;
				CLANG_WARN_DIRECT_OBJC_ISA_USAGE = YES_ERROR;
				CLANG_WARN_EMPTY_BODY = YES;
				CLANG_WARN_ENUM_CONVERSION = YES;
				CLANG_WARN_INT_CONVERSION = YES;
				CLANG_WARN_OBJC_ROOT_CLASS = YES_ERROR;
				CLANG_WARN__DUPLICATE_METHOD_MATCH = YES;
				"CODE_SIGN_IDENTITY[sdk=iphoneos*]" = "iPhone Developer";
				COPY_PHASE_STRIP = YES;
				ENABLE_NS_ASSERTIONS = NO;
				GCC_C_LANGUAGE_STANDARD = gnu99;
				GCC_WARN_64_TO_32_BIT_CONVERSION = YES;
				GCC_WARN_ABOUT_RETURN_TYPE = YES_ERROR;
				GCC_WARN_UNDECLARED_SELECTOR = YES;
				GCC_WARN_UNINITIALIZED_AUTOS = YES_AGGRESSIVE;
				GCC_WARN_UNUSED_FUNCTION = YES;
				GCC_WARN_UNUSED_VARIABLE = YES;
				IPHONEOS_DEPLOYMENT_TARGET = 7.1;
				SDKROOT = iphoneos;
				VALIDATE_PRODUCT = YES;
			};
			name = Release;
		};
		8E4DD53D192F2CFC007573AE /* Debug */ = {
			isa = XCBuildConfiguration;
			buildSettings = {
				ASSETCATALOG_COMPILER_APPICON_NAME = AppIcon;
				ASSETCATALOG_COMPILER_LAUNCHIMAGE_NAME = LaunchImage;
				CODE_SIGN_IDENTITY = "iPhone Developer";
				"CODE_SIGN_IDENTITY[sdk=iphoneos*]" = "iPhone Developer";
				GCC_PRECOMPILE_PREFIX_HEADER = YES;
				GCC_PREFIX_HEADER = "TimeManageMutiView/TimeManageMutiView-Prefix.pch";
				INFOPLIST_FILE = "TimeManageMutiView/TimeManageMutiView-Info.plist";
				PRODUCT_NAME = "$(TARGET_NAME)";
				PROVISIONING_PROFILE = "";
				WRAPPER_EXTENSION = app;
			};
			name = Debug;
		};
		8E4DD53E192F2CFC007573AE /* Release */ = {
			isa = XCBuildConfiguration;
			buildSettings = {
				ASSETCATALOG_COMPILER_APPICON_NAME = AppIcon;
				ASSETCATALOG_COMPILER_LAUNCHIMAGE_NAME = LaunchImage;
				CODE_SIGN_IDENTITY = "iPhone Developer";
				"CODE_SIGN_IDENTITY[sdk=iphoneos*]" = "iPhone Developer";
				GCC_PRECOMPILE_PREFIX_HEADER = YES;
				GCC_PREFIX_HEADER = "TimeManageMutiView/TimeManageMutiView-Prefix.pch";
				INFOPLIST_FILE = "TimeManageMutiView/TimeManageMutiView-Info.plist";
				PRODUCT_NAME = "$(TARGET_NAME)";
				PROVISIONING_PROFILE = "";
				WRAPPER_EXTENSION = app;
			};
			name = Release;
		};
		8E4DD540192F2CFC007573AE /* Debug */ = {
			isa = XCBuildConfiguration;
			buildSettings = {
				BUNDLE_LOADER = "$(BUILT_PRODUCTS_DIR)/TimeManageMutiView.app/TimeManageMutiView";
				FRAMEWORK_SEARCH_PATHS = (
					"$(SDKROOT)/Developer/Library/Frameworks",
					"$(inherited)",
					"$(DEVELOPER_FRAMEWORKS_DIR)",
				);
				GCC_PRECOMPILE_PREFIX_HEADER = YES;
				GCC_PREFIX_HEADER = "TimeManageMutiView/TimeManageMutiView-Prefix.pch";
				GCC_PREPROCESSOR_DEFINITIONS = (
					"DEBUG=1",
					"$(inherited)",
				);
				INFOPLIST_FILE = "TimeManageMutiViewTests/TimeManageMutiViewTests-Info.plist";
				PRODUCT_NAME = "$(TARGET_NAME)";
				TEST_HOST = "$(BUNDLE_LOADER)";
				WRAPPER_EXTENSION = xctest;
			};
			name = Debug;
		};
		8E4DD541192F2CFC007573AE /* Release */ = {
			isa = XCBuildConfiguration;
			buildSettings = {
				BUNDLE_LOADER = "$(BUILT_PRODUCTS_DIR)/TimeManageMutiView.app/TimeManageMutiView";
				FRAMEWORK_SEARCH_PATHS = (
					"$(SDKROOT)/Developer/Library/Frameworks",
					"$(inherited)",
					"$(DEVELOPER_FRAMEWORKS_DIR)",
				);
				GCC_PRECOMPILE_PREFIX_HEADER = YES;
				GCC_PREFIX_HEADER = "TimeManageMutiView/TimeManageMutiView-Prefix.pch";
				INFOPLIST_FILE = "TimeManageMutiViewTests/TimeManageMutiViewTests-Info.plist";
				PRODUCT_NAME = "$(TARGET_NAME)";
				TEST_HOST = "$(BUNDLE_LOADER)";
				WRAPPER_EXTENSION = xctest;
			};
			name = Release;
		};
/* End XCBuildConfiguration section */

/* Begin XCConfigurationList section */
		8E4DD50B192F2CFC007573AE /* Build configuration list for PBXProject "TimeManageMutiView" */ = {
			isa = XCConfigurationList;
			buildConfigurations = (
				8E4DD53A192F2CFC007573AE /* Debug */,
				8E4DD53B192F2CFC007573AE /* Release */,
			);
			defaultConfigurationIsVisible = 0;
			defaultConfigurationName = Release;
		};
		8E4DD53C192F2CFC007573AE /* Build configuration list for PBXNativeTarget "TimeManageMutiView" */ = {
			isa = XCConfigurationList;
			buildConfigurations = (
				8E4DD53D192F2CFC007573AE /* Debug */,
				8E4DD53E192F2CFC007573AE /* Release */,
			);
			defaultConfigurationIsVisible = 0;
			defaultConfigurationName = Release;
		};
		8E4DD53F192F2CFC007573AE /* Build configuration list for PBXNativeTarget "TimeManageMutiViewTests" */ = {
			isa = XCConfigurationList;
			buildConfigurations = (
				8E4DD540192F2CFC007573AE /* Debug */,
				8E4DD541192F2CFC007573AE /* Release */,
			);
			defaultConfigurationIsVisible = 0;
			defaultConfigurationName = Release;
		};
/* End XCConfigurationList section */
	};
	rootObject = 8E4DD508192F2CFC007573AE /* Project object */;
}
